// !$*UTF8*$!
{
	archiveVersion = 1;
	classes = {
	};
	objectVersion = 56;
	objects = {

/* Begin PBXBuildFile section */
		7807E6F929E858C000F206E3 /* AppDelegate.swift in Sources */ = {isa = PBXBuildFile; fileRef = 7807E6F829E858C000F206E3 /* AppDelegate.swift */; };
		7807E6FB29E858C000F206E3 /* SceneDelegate.swift in Sources */ = {isa = PBXBuildFile; fileRef = 7807E6FA29E858C000F206E3 /* SceneDelegate.swift */; };
		7807E6FD29E858C000F206E3 /* ViewController.swift in Sources */ = {isa = PBXBuildFile; fileRef = 7807E6FC29E858C000F206E3 /* ViewController.swift */; };
		7807E70029E858C000F206E3 /* Main.storyboard in Resources */ = {isa = PBXBuildFile; fileRef = 7807E6FE29E858C000F206E3 /* Main.storyboard */; };
		7807E70229E858C300F206E3 /* Assets.xcassets in Resources */ = {isa = PBXBuildFile; fileRef = 7807E70129E858C300F206E3 /* Assets.xcassets */; };
		7807E70529E858C300F206E3 /* LaunchScreen.storyboard in Resources */ = {isa = PBXBuildFile; fileRef = 7807E70329E858C300F206E3 /* LaunchScreen.storyboard */; };
		78811A5D29EBC2890032360C /* Verb.swift in Sources */ = {isa = PBXBuildFile; fileRef = 78811A5C29EBC2890032360C /* Verb.swift */; };
		78811A5F29EBC3600032360C /* Localizable.strings in Resources */ = {isa = PBXBuildFile; fileRef = 78811A5E29EBC3600032360C /* Localizable.strings */; };
		78811A6429EBC45B0032360C /* IrregularVerbs.swift in Sources */ = {isa = PBXBuildFile; fileRef = 78811A6329EBC45B0032360C /* IrregularVerbs.swift */; };
		78811A6629EBF13C0032360C /* TableViewCell.xib in Resources */ = {isa = PBXBuildFile; fileRef = 78811A6529EBF13C0032360C /* TableViewCell.xib */; };
		78811A6829EBF3EB0032360C /* TableViewCell.swift in Sources */ = {isa = PBXBuildFile; fileRef = 78811A6729EBF3EB0032360C /* TableViewCell.swift */; };
/* End PBXBuildFile section */

/* Begin PBXFileReference section */
		7807E6F529E858C000F206E3 /* MVCLesson.app */ = {isa = PBXFileReference; explicitFileType = wrapper.application; includeInIndex = 0; path = MVCLesson.app; sourceTree = BUILT_PRODUCTS_DIR; };
		7807E6F829E858C000F206E3 /* AppDelegate.swift */ = {isa = PBXFileReference; lastKnownFileType = sourcecode.swift; path = AppDelegate.swift; sourceTree = "<group>"; };
		7807E6FA29E858C000F206E3 /* SceneDelegate.swift */ = {isa = PBXFileReference; lastKnownFileType = sourcecode.swift; path = SceneDelegate.swift; sourceTree = "<group>"; };
		7807E6FC29E858C000F206E3 /* ViewController.swift */ = {isa = PBXFileReference; lastKnownFileType = sourcecode.swift; path = ViewController.swift; sourceTree = "<group>"; };
		7807E6FF29E858C000F206E3 /* Base */ = {isa = PBXFileReference; lastKnownFileType = file.storyboard; name = Base; path = Base.lproj/Main.storyboard; sourceTree = "<group>"; };
		7807E70129E858C300F206E3 /* Assets.xcassets */ = {isa = PBXFileReference; lastKnownFileType = folder.assetcatalog; path = Assets.xcassets; sourceTree = "<group>"; };
		7807E70429E858C300F206E3 /* Base */ = {isa = PBXFileReference; lastKnownFileType = file.storyboard; name = Base; path = Base.lproj/LaunchScreen.storyboard; sourceTree = "<group>"; };
		7807E70629E858C300F206E3 /* Info.plist */ = {isa = PBXFileReference; lastKnownFileType = text.plist.xml; path = Info.plist; sourceTree = "<group>"; };
		78811A5C29EBC2890032360C /* Verb.swift */ = {isa = PBXFileReference; lastKnownFileType = sourcecode.swift; path = Verb.swift; sourceTree = "<group>"; };
		78811A5E29EBC3600032360C /* Localizable.strings */ = {isa = PBXFileReference; lastKnownFileType = text.plist.strings; path = Localizable.strings; sourceTree = "<group>"; };
		78811A6229EBC3E60032360C /* ru */ = {isa = PBXFileReference; lastKnownFileType = text.plist.strings; name = ru; path = ru.lproj/Main.strings; sourceTree = "<group>"; };
		78811A6329EBC45B0032360C /* IrregularVerbs.swift */ = {isa = PBXFileReference; lastKnownFileType = sourcecode.swift; path = IrregularVerbs.swift; sourceTree = "<group>"; };
		78811A6529EBF13C0032360C /* TableViewCell.xib */ = {isa = PBXFileReference; lastKnownFileType = file.xib; path = TableViewCell.xib; sourceTree = "<group>"; };
		78811A6729EBF3EB0032360C /* TableViewCell.swift */ = {isa = PBXFileReference; lastKnownFileType = sourcecode.swift; path = TableViewCell.swift; sourceTree = "<group>"; };
/* End PBXFileReference section */

/* Begin PBXFrameworksBuildPhase section */
		7807E6F229E858C000F206E3 /* Frameworks */ = {
			isa = PBXFrameworksBuildPhase;
			buildActionMask = 2147483647;
			files = (
			);
			runOnlyForDeploymentPostprocessing = 0;
		};
/* End PBXFrameworksBuildPhase section */

/* Begin PBXGroup section */
		7807E6EC29E858C000F206E3 = {
			isa = PBXGroup;
			children = (
				7807E6F729E858C000F206E3 /* MVCLesson */,
				7807E6F629E858C000F206E3 /* Products */,
			);
			sourceTree = "<group>";
		};
		7807E6F629E858C000F206E3 /* Products */ = {
			isa = PBXGroup;
			children = (
				7807E6F529E858C000F206E3 /* MVCLesson.app */,
			);
			name = Products;
			sourceTree = "<group>";
		};
		7807E6F729E858C000F206E3 /* MVCLesson */ = {
			isa = PBXGroup;
			children = (
				7807E6F829E858C000F206E3 /* AppDelegate.swift */,
				7807E6FA29E858C000F206E3 /* SceneDelegate.swift */,
				78811A6B29EBF9230032360C /* Controller */,
				78811A6A29EBF90C0032360C /* View */,
				78811A6929EBF8C50032360C /* Model */,
				78811A5E29EBC3600032360C /* Localizable.strings */,
				7807E70129E858C300F206E3 /* Assets.xcassets */,
				7807E70329E858C300F206E3 /* LaunchScreen.storyboard */,
				7807E70629E858C300F206E3 /* Info.plist */,
			);
			path = MVCLesson;
			sourceTree = "<group>";
		};
		78811A6929EBF8C50032360C /* Model */ = {
			isa = PBXGroup;
			children = (
				78811A5C29EBC2890032360C /* Verb.swift */,
				78811A6329EBC45B0032360C /* IrregularVerbs.swift */,
			);
			path = Model;
			sourceTree = "<group>";
		};
		78811A6A29EBF90C0032360C /* View */ = {
			isa = PBXGroup;
			children = (
				7807E6FE29E858C000F206E3 /* Main.storyboard */,
				78811A6529EBF13C0032360C /* TableViewCell.xib */,
				78811A6729EBF3EB0032360C /* TableViewCell.swift */,
			);
			path = View;
			sourceTree = "<group>";
		};
		78811A6B29EBF9230032360C /* Controller */ = {
			isa = PBXGroup;
			children = (
				7807E6FC29E858C000F206E3 /* ViewController.swift */,
			);
			path = Controller;
			sourceTree = "<group>";
		};
/* End PBXGroup section */

/* Begin PBXNativeTarget section */
		7807E6F429E858C000F206E3 /* MVCLesson */ = {
			isa = PBXNativeTarget;
			buildConfigurationList = 7807E70929E858C300F206E3 /* Build configuration list for PBXNativeTarget "MVCLesson" */;
			buildPhases = (
				7807E6F129E858C000F206E3 /* Sources */,
				7807E6F229E858C000F206E3 /* Frameworks */,
				7807E6F329E858C000F206E3 /* Resources */,
			);
			buildRules = (
			);
			dependencies = (
			);
			name = MVCLesson;
			productName = MVCLesson;
			productReference = 7807E6F529E858C000F206E3 /* MVCLesson.app */;
			productType = "com.apple.product-type.application";
		};
/* End PBXNativeTarget section */

/* Begin PBXProject section */
		7807E6ED29E858C000F206E3 /* Project object */ = {
			isa = PBXProject;
			attributes = {
				BuildIndependentTargetsInParallel = 1;
				LastSwiftUpdateCheck = 1420;
				LastUpgradeCheck = 1420;
				TargetAttributes = {
					7807E6F429E858C000F206E3 = {
						CreatedOnToolsVersion = 14.2;
					};
				};
			};
			buildConfigurationList = 7807E6F029E858C000F206E3 /* Build configuration list for PBXProject "MVCLesson" */;
			compatibilityVersion = "Xcode 14.0";
			developmentRegion = en;
			hasScannedForEncodings = 0;
			knownRegions = (
				en,
				Base,
				ru,
			);
			mainGroup = 7807E6EC29E858C000F206E3;
			productRefGroup = 7807E6F629E858C000F206E3 /* Products */;
			projectDirPath = "";
			projectRoot = "";
			targets = (
				7807E6F429E858C000F206E3 /* MVCLesson */,
			);
		};
/* End PBXProject section */

/* Begin PBXResourcesBuildPhase section */
		7807E6F329E858C000F206E3 /* Resources */ = {
			isa = PBXResourcesBuildPhase;
			buildActionMask = 2147483647;
			files = (
				7807E70529E858C300F206E3 /* LaunchScreen.storyboard in Resources */,
				78811A6629EBF13C0032360C /* TableViewCell.xib in Resources */,
				78811A5F29EBC3600032360C /* Localizable.strings in Resources */,
				7807E70229E858C300F206E3 /* Assets.xcassets in Resources */,
				7807E70029E858C000F206E3 /* Main.storyboard in Resources */,
			);
			runOnlyForDeploymentPostprocessing = 0;
		};
/* End PBXResourcesBuildPhase section */

/* Begin PBXSourcesBuildPhase section */
		7807E6F129E858C000F206E3 /* Sources */ = {
			isa = PBXSourcesBuildPhase;
			buildActionMask = 2147483647;
			files = (
				78811A5D29EBC2890032360C /* Verb.swift in Sources */,
				78811A6429EBC45B0032360C /* IrregularVerbs.swift in Sources */,
				7807E6FD29E858C000F206E3 /* ViewController.swift in Sources */,
				78811A6829EBF3EB0032360C /* TableViewCell.swift in Sources */,
				7807E6F929E858C000F206E3 /* AppDelegate.swift in Sources */,
				7807E6FB29E858C000F206E3 /* SceneDelegate.swift in Sources */,
			);
			runOnlyForDeploymentPostprocessing = 0;
		};
/* End PBXSourcesBuildPhase section */

/* Begin PBXVariantGroup section */
		7807E6FE29E858C000F206E3 /* Main.storyboard */ = {
			isa = PBXVariantGroup;
			children = (
				7807E6FF29E858C000F206E3 /* Base */,
				78811A6229EBC3E60032360C /* ru */,
			);
			name = Main.storyboard;
			sourceTree = "<group>";
		};
		7807E70329E858C300F206E3 /* LaunchScreen.storyboard */ = {
			isa = PBXVariantGroup;
			children = (
				7807E70429E858C300F206E3 /* Base */,
			);
			name = LaunchScreen.storyboard;
			sourceTree = "<group>";
		};
/* End PBXVariantGroup section */

/* Begin XCBuildConfiguration section */
		7807E70729E858C300F206E3 /* Debug */ = {
			isa = XCBuildConfiguration;
			buildSettings = {
				ALWAYS_SEARCH_USER_PATHS = NO;
				CLANG_ANALYZER_LOCALIZABILITY_NONLOCALIZED = YES;
				CLANG_ANALYZER_NONNULL = YES;
				CLANG_ANALYZER_NUMBER_OBJECT_CONVERSION = YES_AGGRESSIVE;
				CLANG_CXX_LANGUAGE_STANDARD = "gnu++20";
				CLANG_ENABLE_MODULES = YES;
				CLANG_ENABLE_OBJC_ARC = YES;
				CLANG_ENABLE_OBJC_WEAK = YES;
				CLANG_WARN_BLOCK_CAPTURE_AUTORELEASING = YES;
				CLANG_WARN_BOOL_CONVERSION = YES;
				CLANG_WARN_COMMA = YES;
				CLANG_WARN_CONSTANT_CONVERSION = YES;
				CLANG_WARN_DEPRECATED_OBJC_IMPLEMENTATIONS = YES;
				CLANG_WARN_DIRECT_OBJC_ISA_USAGE = YES_ERROR;
				CLANG_WARN_DOCUMENTATION_COMMENTS = YES;
				CLANG_WARN_EMPTY_BODY = YES;
				CLANG_WARN_ENUM_CONVERSION = YES;
				CLANG_WARN_INFINITE_RECURSION = YES;
				CLANG_WARN_INT_CONVERSION = YES;
				CLANG_WARN_NON_LITERAL_NULL_CONVERSION = YES;
				CLANG_WARN_OBJC_IMPLICIT_RETAIN_SELF = YES;
				CLANG_WARN_OBJC_LITERAL_CONVERSION = YES;
				CLANG_WARN_OBJC_ROOT_CLASS = YES_ERROR;
				CLANG_WARN_QUOTED_INCLUDE_IN_FRAMEWORK_HEADER = YES;
				CLANG_WARN_RANGE_LOOP_ANALYSIS = YES;
				CLANG_WARN_STRICT_PROTOTYPES = YES;
				CLANG_WARN_SUSPICIOUS_MOVE = YES;
				CLANG_WARN_UNGUARDED_AVAILABILITY = YES_AGGRESSIVE;
				CLANG_WARN_UNREACHABLE_CODE = YES;
				CLANG_WARN__DUPLICATE_METHOD_MATCH = YES;
				COPY_PHASE_STRIP = NO;
				DEBUG_INFORMATION_FORMAT = dwarf;
				ENABLE_STRICT_OBJC_MSGSEND = YES;
				ENABLE_TESTABILITY = YES;
				GCC_C_LANGUAGE_STANDARD = gnu11;
				GCC_DYNAMIC_NO_PIC = NO;
				GCC_NO_COMMON_BLOCKS = YES;
				GCC_OPTIMIZATION_LEVEL = 0;
				GCC_PREPROCESSOR_DEFINITIONS = (
					"DEBUG=1",
					"$(inherited)",
				);
				GCC_WARN_64_TO_32_BIT_CONVERSION = YES;
				GCC_WARN_ABOUT_RETURN_TYPE = YES_ERROR;
				GCC_WARN_UNDECLARED_SELECTOR = YES;
				GCC_WARN_UNINITIALIZED_AUTOS = YES_AGGRESSIVE;
				GCC_WARN_UNUSED_FUNCTION = YES;
				GCC_WARN_UNUSED_VARIABLE = YES;
				IPHONEOS_DEPLOYMENT_TARGET = 16.2;
				MTL_ENABLE_DEBUG_INFO = INCLUDE_SOURCE;
				MTL_FAST_MATH = YES;
				ONLY_ACTIVE_ARCH = YES;
				SDKROOT = iphoneos;
				SWIFT_ACTIVE_COMPILATION_CONDITIONS = DEBUG;
				SWIFT_OPTIMIZATION_LEVEL = "-Onone";
			};
			name = Debug;
		};
		7807E70829E858C300F206E3 /* Release */ = {
			isa = XCBuildConfiguration;
			buildSettings = {
				ALWAYS_SEARCH_USER_PATHS = NO;
				CLANG_ANALYZER_LOCALIZABILITY_NONLOCALIZED = YES;
				CLANG_ANALYZER_NONNULL = YES;
				CLANG_ANALYZER_NUMBER_OBJECT_CONVERSION = YES_AGGRESSIVE;
				CLANG_CXX_LANGUAGE_STANDARD = "gnu++20";
				CLANG_ENABLE_MODULES = YES;
				CLANG_ENABLE_OBJC_ARC = YES;
				CLANG_ENABLE_OBJC_WEAK = YES;
				CLANG_WARN_BLOCK_CAPTURE_AUTORELEASING = YES;
				CLANG_WARN_BOOL_CONVERSION = YES;
				CLANG_WARN_COMMA = YES;
				CLANG_WARN_CONSTANT_CONVERSION = YES;
				CLANG_WARN_DEPRECATED_OBJC_IMPLEMENTATIONS = YES;
				CLANG_WARN_DIRECT_OBJC_ISA_USAGE = YES_ERROR;
				CLANG_WARN_DOCUMENTATION_COMMENTS = YES;
				CLANG_WARN_EMPTY_BODY = YES;
				CLANG_WARN_ENUM_CONVERSION = YES;
				CLANG_WARN_INFINITE_RECURSION = YES;
				CLANG_WARN_INT_CONVERSION = YES;
				CLANG_WARN_NON_LITERAL_NULL_CONVERSION = YES;
				CLANG_WARN_OBJC_IMPLICIT_RETAIN_SELF = YES;
				CLANG_WARN_OBJC_LITERAL_CONVERSION = YES;
				CLANG_WARN_OBJC_ROOT_CLASS = YES_ERROR;
				CLANG_WARN_QUOTED_INCLUDE_IN_FRAMEWORK_HEADER = YES;
				CLANG_WARN_RANGE_LOOP_ANALYSIS = YES;
				CLANG_WARN_STRICT_PROTOTYPES = YES;
				CLANG_WARN_SUSPICIOUS_MOVE = YES;
				CLANG_WARN_UNGUARDED_AVAILABILITY = YES_AGGRESSIVE;
				CLANG_WARN_UNREACHABLE_CODE = YES;
				CLANG_WARN__DUPLICATE_METHOD_MATCH = YES;
				COPY_PHASE_STRIP = NO;
				DEBUG_INFORMATION_FORMAT = "dwarf-with-dsym";
				ENABLE_NS_ASSERTIONS = NO;
				ENABLE_STRICT_OBJC_MSGSEND = YES;
				GCC_C_LANGUAGE_STANDARD = gnu11;
				GCC_NO_COMMON_BLOCKS = YES;
				GCC_WARN_64_TO_32_BIT_CONVERSION = YES;
				GCC_WARN_ABOUT_RETURN_TYPE = YES_ERROR;
				GCC_WARN_UNDECLARED_SELECTOR = YES;
				GCC_WARN_UNINITIALIZED_AUTOS = YES_AGGRESSIVE;
				GCC_WARN_UNUSED_FUNCTION = YES;
				GCC_WARN_UNUSED_VARIABLE = YES;
				IPHONEOS_DEPLOYMENT_TARGET = 16.2;
				MTL_ENABLE_DEBUG_INFO = NO;
				MTL_FAST_MATH = YES;
				SDKROOT = iphoneos;
				SWIFT_COMPILATION_MODE = wholemodule;
				SWIFT_OPTIMIZATION_LEVEL = "-O";
				VALIDATE_PRODUCT = YES;
			};
			name = Release;
		};
		7807E70A29E858C300F206E3 /* Debug */ = {
			isa = XCBuildConfiguration;
			buildSettings = {
				ASSETCATALOG_COMPILER_APPICON_NAME = AppIcon;
				ASSETCATALOG_COMPILER_GLOBAL_ACCENT_COLOR_NAME = AccentColor;
				CODE_SIGN_STYLE = Automatic;
				CURRENT_PROJECT_VERSION = 1;
				DEVELOPMENT_TEAM = 44S29C9XS7;
				GENERATE_INFOPLIST_FILE = YES;
				INFOPLIST_FILE = MVCLesson/Info.plist;
				INFOPLIST_KEY_UIApplicationSupportsIndirectInputEvents = YES;
				INFOPLIST_KEY_UILaunchStoryboardName = LaunchScreen;
				INFOPLIST_KEY_UIMainStoryboardFile = Main;
				INFOPLIST_KEY_UISupportedInterfaceOrientations_iPad = "UIInterfaceOrientationPortrait UIInterfaceOrientationPortraitUpsideDown UIInterfaceOrientationLandscapeLeft UIInterfaceOrientationLandscapeRight";
				INFOPLIST_KEY_UISupportedInterfaceOrientations_iPhone = "UIInterfaceOrientationPortrait UIInterfaceOrientationLandscapeLeft UIInterfaceOrientationLandscapeRight";
				LD_RUNPATH_SEARCH_PATHS = (
					"$(inherited)",
					"@executable_path/Frameworks",
				);
				MARKETING_VERSION = 1.0;
				PRODUCT_BUNDLE_IDENTIFIER = vvv.MVCLesson;
				PRODUCT_NAME = "$(TARGET_NAME)";
				SWIFT_EMIT_LOC_STRINGS = YES;
				SWIFT_VERSION = 5.0;
				TARGETED_DEVICE_FAMILY = "1,2";
			};
			name = Debug;
		};
		7807E70B29E858C300F206E3 /* Release */ = {
			isa = XCBuildConfiguration;
			buildSettings = {
				ASSETCATALOG_COMPILER_APPICON_NAME = AppIcon;
				ASSETCATALOG_COMPILER_GLOBAL_ACCENT_COLOR_NAME = AccentColor;
				CODE_SIGN_STYLE = Automatic;
				CURRENT_PROJECT_VERSION = 1;
				DEVELOPMENT_TEAM = 44S29C9XS7;
				GENERATE_INFOPLIST_FILE = YES;
				INFOPLIST_FILE = MVCLesson/Info.plist;
				INFOPLIST_KEY_UIApplicationSupportsIndirectInputEvents = YES;
				INFOPLIST_KEY_UILaunchStoryboardName = LaunchScreen;
				INFOPLIST_KEY_UIMainStoryboardFile = Main;
				INFOPLIST_KEY_UISupportedInterfaceOrientations_iPad = "UIInterfaceOrientationPortrait UIInterfaceOrientationPortraitUpsideDown UIInterfaceOrientationLandscapeLeft UIInterfaceOrientationLandscapeRight";
				INFOPLIST_KEY_UISupportedInterfaceOrientations_iPhone = "UIInterfaceOrientationPortrait UIInterfaceOrientationLandscapeLeft UIInterfaceOrientationLandscapeRight";
				LD_RUNPATH_SEARCH_PATHS = (
					"$(inherited)",
					"@executable_path/Frameworks",
				);
				MARKETING_VERSION = 1.0;
				PRODUCT_BUNDLE_IDENTIFIER = vvv.MVCLesson;
				PRODUCT_NAME = "$(TARGET_NAME)";
				SWIFT_EMIT_LOC_STRINGS = YES;
				SWIFT_VERSION = 5.0;
				TARGETED_DEVICE_FAMILY = "1,2";
			};
			name = Release;
		};
/* End XCBuildConfiguration section */

/* Begin XCConfigurationList section */
		7807E6F029E858C000F206E3 /* Build configuration list for PBXProject "MVCLesson" */ = {
			isa = XCConfigurationList;
			buildConfigurations = (
				7807E70729E858C300F206E3 /* Debug */,
				7807E70829E858C300F206E3 /* Release */,
			);
			defaultConfigurationIsVisible = 0;
			defaultConfigurationName = Release;
		};
		7807E70929E858C300F206E3 /* Build configuration list for PBXNativeTarget "MVCLesson" */ = {
			isa = XCConfigurationList;
			buildConfigurations = (
				7807E70A29E858C300F206E3 /* Debug */,
				7807E70B29E858C300F206E3 /* Release */,
			);
			defaultConfigurationIsVisible = 0;
			defaultConfigurationName = Release;
		};
/* End XCConfigurationList section */
	};
	rootObject = 7807E6ED29E858C000F206E3 /* Project object */;
}
